
Microsoft Visual Studio Solution File, Format Version 12.00
# Visual Studio Version 16
VisualStudioVersion = 16.0.30711.63
MinimumVisualStudioVersion = 10.0.40219.1
Project("{FAE04EC0-301F-11D3-BF4B-00C04F79EFBC}") = "PAI_Projet_1.0", "PAI_Projet_1.0.csproj", "{ABC6CAB9-DEA7-4A21-AC5A-F055A9B91BD4}"
EndProject
Global
	GlobalSection(SolutionConfigurationPlatforms) = preSolution
		Debug|Any CPU = Debug|Any CPU
		Release|Any CPU = Release|Any CPU
	EndGlobalSection
	GlobalSection(ProjectConfigurationPlatforms) = postSolution
		{ABC6CAB9-DEA7-4A21-AC5A-F055A9B91BD4}.Debug|Any CPU.ActiveCfg = Debug|Any CPU
		{ABC6CAB9-DEA7-4A21-AC5A-F055A9B91BD4}.Debug|Any CPU.Build.0 = Debug|Any CPU
		{ABC6CAB9-DEA7-4A21-AC5A-F055A9B91BD4}.Release|Any CPU.ActiveCfg = Release|Any CPU
		{ABC6CAB9-DEA7-4A21-AC5A-F055A9B91BD4}.Release|Any CPU.Build.0 = Release|Any CPU
	EndGlobalSection
	GlobalSection(SolutionProperties) = preSolution
		HideSolutionNode = FALSE
	EndGlobalSection
	GlobalSection(ExtensibilityGlobals) = postSolution
		SolutionGuid = {90EB0B2F-B55E-4BAB-BCFF-F579EE1E2C62}
	EndGlobalSection
EndGlobal
